
Microsoft Visual Studio Solution File, Format Version 12.00
# Visual Studio Version 17
VisualStudioVersion = 17.8.34511.84
MinimumVisualStudioVersion = 10.0.40219.1
Project("{FAE04EC0-301F-11D3-BF4B-00C04F79EFBC}") = "MergePDF", "MergePDF\MergePDF.csproj", "{28D37D64-6775-41C9-84AB-D6E879C6A322}"
EndProject
Global
	GlobalSection(SolutionConfigurationPlatforms) = preSolution
		Debug|Any CPU = Debug|Any CPU
		Release|Any CPU = Release|Any CPU
	EndGlobalSection
	GlobalSection(ProjectConfigurationPlatforms) = postSolution
		{28D37D64-6775-41C9-84AB-D6E879C6A322}.Debug|Any CPU.ActiveCfg = Debug|Any CPU
		{28D37D64-6775-41C9-84AB-D6E879C6A322}.Debug|Any CPU.Build.0 = Debug|Any CPU
		{28D37D64-6775-41C9-84AB-D6E879C6A322}.Release|Any CPU.ActiveCfg = Release|Any CPU
		{28D37D64-6775-41C9-84AB-D6E879C6A322}.Release|Any CPU.Build.0 = Release|Any CPU
	EndGlobalSection
	GlobalSection(SolutionProperties) = preSolution
		HideSolutionNode = FALSE
	EndGlobalSection
	GlobalSection(ExtensibilityGlobals) = postSolution
		SolutionGuid = {69C80D81-52C4-4A77-BEED-3F23057483A5}
	EndGlobalSection
EndGlobal
